
Microsoft Visual Studio Solution File, Format Version 12.00
# Visual Studio Version 16
VisualStudioVersion = 16.0.29609.76
MinimumVisualStudioVersion = 10.0.40219.1
Project("{8BC9CEB8-8B4A-11D0-8D11-00A0C91BC942}") = "iTrace", "iTrace\iTrace.vcxproj", "{CB73F1BD-F6E5-4623-A0FC-FF944F5EC969}"
EndProject
Global
	GlobalSection(SolutionConfigurationPlatforms) = preSolution
		Debug|x64 = Debug|x64
		Debug|x86 = Debug|x86
		Release|x64 = Release|x64
		Release|x86 = Release|x86
	EndGlobalSection
	GlobalSection(ProjectConfigurationPlatforms) = postSolution
		{CB73F1BD-F6E5-4623-A0FC-FF944F5EC969}.Debug|x64.ActiveCfg = Debug|x64
		{CB73F1BD-F6E5-4623-A0FC-FF944F5EC969}.Debug|x64.Build.0 = Debug|x64
		{CB73F1BD-F6E5-4623-A0FC-FF944F5EC969}.Debug|x86.ActiveCfg = Debug|Win32
		{CB73F1BD-F6E5-4623-A0FC-FF944F5EC969}.Debug|x86.Build.0 = Debug|Win32
		{CB73F1BD-F6E5-4623-A0FC-FF944F5EC969}.Release|x64.ActiveCfg = Release|x64
		{CB73F1BD-F6E5-4623-A0FC-FF944F5EC969}.Release|x64.Build.0 = Release|x64
		{CB73F1BD-F6E5-4623-A0FC-FF944F5EC969}.Release|x86.ActiveCfg = Release|Win32
		{CB73F1BD-F6E5-4623-A0FC-FF944F5EC969}.Release|x86.Build.0 = Release|Win32
	EndGlobalSection
	GlobalSection(SolutionProperties) = preSolution
		HideSolutionNode = FALSE
	EndGlobalSection
	GlobalSection(ExtensibilityGlobals) = postSolution
		SolutionGuid = {95D0BCF9-0ABA-47A7-8EBE-D3CB3A63C37F}
	EndGlobalSection
EndGlobal
